{
  "version": 4,
  "terraform_version": "1.5.6",
  "serial": 15,
  "lineage": "78cc0771-c541-c2ce-3da7-185fdde8ef24",
  "outputs": {},
  "resources": [
    {
      "mode": "managed",
      "type": "aws_key_pair",
      "name": "bank_app_key",
      "provider": "provider[\"registry.terraform.io/hashicorp/aws\"]",
      "instances": [
        {
          "schema_version": 1,
          "attributes": {
            "arn": "arn:aws:ec2:us-east-1:137370044763:key-pair/bank-key",
            "fingerprint": "cd:cd:bf:92:3e:cf:08:f6:70:98:5e:ef:2a:c8:14:0f",
            "id": "bank-key",
            "key_name": "bank-key",
            "key_name_prefix": "",
            "key_pair_id": "key-0c5d4cca5d135442a",
            "key_type": "rsa",
            "public_key": "ssh-rsa AAAAB3NzaC1yc2EAAAADAQABAAABgQDKPGGcVOvJlbFTOcg3bbTjDRQvFhafM1MfB0Vbbf1I/L++IRiACK3T37A7Wqbrjv5+530D/88ukJ8Pkj4r07NXB4N2kNV9RAssOdVlBangDK1QzyFc49yxh6m+ZT9/4TRqXTAWCuy01tsZanfFxLt1zYclkFuAv8QglMlHk7Qx0T4MZRx/6mjlglw0l3tQWGJoBwsgZQzoDt4omVN1GiT+Z9dmkNf7t0/+Dq7xraC56zLYk38TGGmhIOWgCIY5EiuiNWv5CGNoRrUwSOTq+f535jsRSSlblhdLmkd3EkJCmh611r5N+Ab1fCd2kdhQq0gA0iypXi7XpKokVl6rb+aT3WgsifPrOBHkuwyM8k/M8Y3SqF8pYBrLqjk/SoV7m4ybfG4aLreTOWBlMvNqZZ3eJgODkp+t1syplvdN/DD7JRhLZYNZLWtxSWSr4lI4kGKXe0p7uLkOSrwmmO9OO+LDgH5dAqE5rO2x5HcyNpB/Ydfm5DoXad/dRBQVJEf6/u8= User@DESKTOP-ACC3",
            "tags": null,
            "tags_all": {}
          },
          "sensitive_attributes": [],
          "private": "eyJzY2hlbWFfdmVyc2lvbiI6IjEifQ=="
        }
      ]
    },
    {
      "module": "module.vpc",
      "mode": "managed",
      "type": "aws_default_network_acl",
      "name": "this",
      "provider": "provider[\"registry.terraform.io/hashicorp/aws\"]",
      "instances": [
        {
          "index_key": 0,
          "schema_version": 0,
          "attributes": {
            "arn": "arn:aws:ec2:us-east-1:137370044763:network-acl/acl-0bbe5cb8afbbd07dc",
            "default_network_acl_id": "acl-0bbe5cb8afbbd07dc",
            "egress": [
              {
                "action": "allow",
                "cidr_block": "",
                "from_port": 0,
                "icmp_code": null,
                "icmp_type": null,
                "ipv6_cidr_block": "::/0",
                "protocol": "-1",
                "rule_no": 101,
                "to_port": 0
              },
              {
                "action": "allow",
                "cidr_block": "0.0.0.0/0",
                "from_port": 0,
                "icmp_code": null,
                "icmp_type": null,
                "ipv6_cidr_block": "",
                "protocol": "-1",
                "rule_no": 100,
                "to_port": 0
              }
            ],
            "id": "acl-0bbe5cb8afbbd07dc",
            "ingress": [
              {
                "action": "allow",
                "cidr_block": "",
                "from_port": 0,
                "icmp_code": null,
                "icmp_type": null,
                "ipv6_cidr_block": "::/0",
                "protocol": "-1",
                "rule_no": 101,
                "to_port": 0
              },
              {
                "action": "allow",
                "cidr_block": "0.0.0.0/0",
                "from_port": 0,
                "icmp_code": null,
                "icmp_type": null,
                "ipv6_cidr_block": "",
                "protocol": "-1",
                "rule_no": 100,
                "to_port": 0
              }
            ],
            "owner_id": "137370044763",
            "subnet_ids": [
              "subnet-069b888e9869f779a",
              "subnet-0dbfa8a7de0ac9bec",
              "subnet-0f3214b05742a1d55"
            ],
            "tags": {
              "Name": "banking-vpc-default",
              "enviroment": "prod",
              "terraform": "true"
            },
            "tags_all": {
              "Name": "banking-vpc-default",
              "enviroment": "prod",
              "terraform": "true"
            },
            "vpc_id": "vpc-07cf1004260b610e6"
          },
          "sensitive_attributes": [],
          "private": "bnVsbA==",
          "dependencies": [
            "module.vpc.aws_vpc.this"
          ]
        }
      ]
    },
    {
      "module": "module.vpc",
      "mode": "managed",
      "type": "aws_default_route_table",
      "name": "default",
      "provider": "provider[\"registry.terraform.io/hashicorp/aws\"]",
      "instances": [
        {
          "index_key": 0,
          "schema_version": 0,
          "attributes": {
            "arn": "arn:aws:ec2:us-east-1:137370044763:route-table/rtb-086b2dcaa446386e3",
            "default_route_table_id": "rtb-086b2dcaa446386e3",
            "id": "rtb-086b2dcaa446386e3",
            "owner_id": "137370044763",
            "propagating_vgws": null,
            "route": [],
            "tags": {
              "Name": "banking-vpc-default",
              "enviroment": "prod",
              "terraform": "true"
            },
            "tags_all": {
              "Name": "banking-vpc-default",
              "enviroment": "prod",
              "terraform": "true"
            },
            "timeouts": {
              "create": "5m",
              "update": "5m"
            },
            "vpc_id": "vpc-07cf1004260b610e6"
          },
          "sensitive_attributes": [],
          "private": "eyJlMmJmYjczMC1lY2FhLTExZTYtOGY4OC0zNDM2M2JjN2M0YzAiOnsiY3JlYXRlIjozMDAwMDAwMDAwMDAsInVwZGF0ZSI6MzAwMDAwMDAwMDAwfX0=",
          "dependencies": [
            "module.vpc.aws_vpc.this"
          ]
        }
      ]
    },
    {
      "module": "module.vpc",
      "mode": "managed",
      "type": "aws_default_security_group",
      "name": "this",
      "provider": "provider[\"registry.terraform.io/hashicorp/aws\"]",
      "instances": [
        {
          "index_key": 0,
          "schema_version": 1,
          "attributes": {
            "arn": "arn:aws:ec2:us-east-1:137370044763:security-group/sg-0944bec37262f2d74",
            "description": "default VPC security group",
            "egress": [],
            "id": "sg-0944bec37262f2d74",
            "ingress": [],
            "name": "default",
            "name_prefix": "",
            "owner_id": "137370044763",
            "revoke_rules_on_delete": false,
            "tags": {
              "Name": "banking-vpc-default",
              "enviroment": "prod",
              "terraform": "true"
            },
            "tags_all": {
              "Name": "banking-vpc-default",
              "enviroment": "prod",
              "terraform": "true"
            },
            "vpc_id": "vpc-07cf1004260b610e6"
          },
          "sensitive_attributes": [],
          "private": "eyJzY2hlbWFfdmVyc2lvbiI6IjEifQ==",
          "dependencies": [
            "module.vpc.aws_vpc.this"
          ]
        }
      ]
    },
    {
      "module": "module.vpc",
      "mode": "managed",
      "type": "aws_internet_gateway",
      "name": "this",
      "provider": "provider[\"registry.terraform.io/hashicorp/aws\"]",
      "instances": [
        {
          "index_key": 0,
          "schema_version": 0,
          "attributes": {
            "arn": "arn:aws:ec2:us-east-1:137370044763:internet-gateway/igw-0fc4b7549dd78e69d",
            "id": "igw-0fc4b7549dd78e69d",
            "owner_id": "137370044763",
            "tags": {
              "Name": "banking-vpc",
              "enviroment": "prod",
              "terraform": "true"
            },
            "tags_all": {
              "Name": "banking-vpc",
              "enviroment": "prod",
              "terraform": "true"
            },
            "timeouts": null,
            "vpc_id": "vpc-07cf1004260b610e6"
          },
          "sensitive_attributes": [],
          "private": "eyJlMmJmYjczMC1lY2FhLTExZTYtOGY4OC0zNDM2M2JjN2M0YzAiOnsiY3JlYXRlIjoxMjAwMDAwMDAwMDAwLCJkZWxldGUiOjEyMDAwMDAwMDAwMDAsInVwZGF0ZSI6MTIwMDAwMDAwMDAwMH19",
          "dependencies": [
            "module.vpc.aws_vpc.this",
            "module.vpc.aws_vpc_ipv4_cidr_block_association.this"
          ]
        }
      ]
    },
    {
      "module": "module.vpc",
      "mode": "managed",
      "type": "aws_route",
      "name": "public_internet_gateway",
      "provider": "provider[\"registry.terraform.io/hashicorp/aws\"]",
      "instances": [
        {
          "index_key": 0,
          "schema_version": 0,
          "attributes": {
            "carrier_gateway_id": "",
            "core_network_arn": "",
            "destination_cidr_block": "0.0.0.0/0",
            "destination_ipv6_cidr_block": "",
            "destination_prefix_list_id": "",
            "egress_only_gateway_id": "",
            "gateway_id": "igw-0fc4b7549dd78e69d",
            "id": "r-rtb-0ed932e03f556ed161080289494",
            "instance_id": "",
            "instance_owner_id": "",
            "local_gateway_id": "",
            "nat_gateway_id": "",
            "network_interface_id": "",
            "origin": "CreateRoute",
            "route_table_id": "rtb-0ed932e03f556ed16",
            "state": "active",
            "timeouts": {
              "create": "5m",
              "delete": null,
              "update": null
            },
            "transit_gateway_id": "",
            "vpc_endpoint_id": "",
            "vpc_peering_connection_id": ""
          },
          "sensitive_attributes": [],
          "private": "eyJlMmJmYjczMC1lY2FhLTExZTYtOGY4OC0zNDM2M2JjN2M0YzAiOnsiY3JlYXRlIjozMDAwMDAwMDAwMDAsImRlbGV0ZSI6MzAwMDAwMDAwMDAwLCJ1cGRhdGUiOjEyMDAwMDAwMDAwMH19",
          "dependencies": [
            "module.vpc.aws_internet_gateway.this",
            "module.vpc.aws_route_table.public",
            "module.vpc.aws_vpc.this",
            "module.vpc.aws_vpc_ipv4_cidr_block_association.this"
          ]
        }
      ]
    },
    {
      "module": "module.vpc",
      "mode": "managed",
      "type": "aws_route_table",
      "name": "public",
      "provider": "provider[\"registry.terraform.io/hashicorp/aws\"]",
      "instances": [
        {
          "index_key": 0,
          "schema_version": 0,
          "attributes": {
            "arn": "arn:aws:ec2:us-east-1:137370044763:route-table/rtb-0ed932e03f556ed16",
            "id": "rtb-0ed932e03f556ed16",
            "owner_id": "137370044763",
            "propagating_vgws": [],
            "route": [],
            "tags": {
              "Name": "banking-vpc-public",
              "enviroment": "prod",
              "terraform": "true"
            },
            "tags_all": {
              "Name": "banking-vpc-public",
              "enviroment": "prod",
              "terraform": "true"
            },
            "timeouts": null,
            "vpc_id": "vpc-07cf1004260b610e6"
          },
          "sensitive_attributes": [],
          "private": "eyJlMmJmYjczMC1lY2FhLTExZTYtOGY4OC0zNDM2M2JjN2M0YzAiOnsiY3JlYXRlIjozMDAwMDAwMDAwMDAsImRlbGV0ZSI6MzAwMDAwMDAwMDAwLCJ1cGRhdGUiOjEyMDAwMDAwMDAwMH19",
          "dependencies": [
            "module.vpc.aws_vpc.this",
            "module.vpc.aws_vpc_ipv4_cidr_block_association.this"
          ]
        }
      ]
    },
    {
      "module": "module.vpc",
      "mode": "managed",
      "type": "aws_route_table_association",
      "name": "public",
      "provider": "provider[\"registry.terraform.io/hashicorp/aws\"]",
      "instances": [
        {
          "index_key": 0,
          "schema_version": 0,
          "attributes": {
            "gateway_id": "",
            "id": "rtbassoc-0fbf3d5340e703d1c",
            "route_table_id": "rtb-0ed932e03f556ed16",
            "subnet_id": "subnet-069b888e9869f779a",
            "timeouts": null
          },
          "sensitive_attributes": [],
          "private": "eyJlMmJmYjczMC1lY2FhLTExZTYtOGY4OC0zNDM2M2JjN2M0YzAiOnsiY3JlYXRlIjozMDAwMDAwMDAwMDAsImRlbGV0ZSI6MzAwMDAwMDAwMDAwLCJ1cGRhdGUiOjEyMDAwMDAwMDAwMH19",
          "dependencies": [
            "module.vpc.aws_route_table.public",
            "module.vpc.aws_subnet.public",
            "module.vpc.aws_vpc.this",
            "module.vpc.aws_vpc_ipv4_cidr_block_association.this"
          ]
        },
        {
          "index_key": 1,
          "schema_version": 0,
          "attributes": {
            "gateway_id": "",
            "id": "rtbassoc-0f625c056eed57fe3",
            "route_table_id": "rtb-0ed932e03f556ed16",
            "subnet_id": "subnet-0dbfa8a7de0ac9bec",
            "timeouts": null
          },
          "sensitive_attributes": [],
          "private": "eyJlMmJmYjczMC1lY2FhLTExZTYtOGY4OC0zNDM2M2JjN2M0YzAiOnsiY3JlYXRlIjozMDAwMDAwMDAwMDAsImRlbGV0ZSI6MzAwMDAwMDAwMDAwLCJ1cGRhdGUiOjEyMDAwMDAwMDAwMH19",
          "dependencies": [
            "module.vpc.aws_route_table.public",
            "module.vpc.aws_subnet.public",
            "module.vpc.aws_vpc.this",
            "module.vpc.aws_vpc_ipv4_cidr_block_association.this"
          ]
        },
        {
          "index_key": 2,
          "schema_version": 0,
          "attributes": {
            "gateway_id": "",
            "id": "rtbassoc-09f7f99ae9a30eab2",
            "route_table_id": "rtb-0ed932e03f556ed16",
            "subnet_id": "subnet-0f3214b05742a1d55",
            "timeouts": null
          },
          "sensitive_attributes": [],
          "private": "eyJlMmJmYjczMC1lY2FhLTExZTYtOGY4OC0zNDM2M2JjN2M0YzAiOnsiY3JlYXRlIjozMDAwMDAwMDAwMDAsImRlbGV0ZSI6MzAwMDAwMDAwMDAwLCJ1cGRhdGUiOjEyMDAwMDAwMDAwMH19",
          "dependencies": [
            "module.vpc.aws_route_table.public",
            "module.vpc.aws_subnet.public",
            "module.vpc.aws_vpc.this",
            "module.vpc.aws_vpc_ipv4_cidr_block_association.this"
          ]
        }
      ]
    },
    {
      "module": "module.vpc",
      "mode": "managed",
      "type": "aws_subnet",
      "name": "public",
      "provider": "provider[\"registry.terraform.io/hashicorp/aws\"]",
      "instances": [
        {
          "index_key": 0,
          "schema_version": 1,
          "attributes": {
            "arn": "arn:aws:ec2:us-east-1:137370044763:subnet/subnet-069b888e9869f779a",
            "assign_ipv6_address_on_creation": false,
            "availability_zone": "us-east-1a",
            "availability_zone_id": "use1-az4",
            "cidr_block": "172.21.1.0/24",
            "customer_owned_ipv4_pool": "",
            "enable_dns64": false,
            "enable_lni_at_device_index": 0,
            "enable_resource_name_dns_a_record_on_launch": false,
            "enable_resource_name_dns_aaaa_record_on_launch": false,
            "id": "subnet-069b888e9869f779a",
            "ipv6_cidr_block": "",
            "ipv6_cidr_block_association_id": "",
            "ipv6_native": false,
            "map_customer_owned_ip_on_launch": false,
            "map_public_ip_on_launch": false,
            "outpost_arn": "",
            "owner_id": "137370044763",
            "private_dns_hostname_type_on_launch": "ip-name",
            "tags": {
              "Name": "banking-vpc-public-us-east-1a",
              "enviroment": "prod",
              "terraform": "true"
            },
            "tags_all": {
              "Name": "banking-vpc-public-us-east-1a",
              "enviroment": "prod",
              "terraform": "true"
            },
            "timeouts": null,
            "vpc_id": "vpc-07cf1004260b610e6"
          },
          "sensitive_attributes": [],
          "private": "eyJlMmJmYjczMC1lY2FhLTExZTYtOGY4OC0zNDM2M2JjN2M0YzAiOnsiY3JlYXRlIjo2MDAwMDAwMDAwMDAsImRlbGV0ZSI6MTIwMDAwMDAwMDAwMH0sInNjaGVtYV92ZXJzaW9uIjoiMSJ9",
          "dependencies": [
            "module.vpc.aws_vpc.this",
            "module.vpc.aws_vpc_ipv4_cidr_block_association.this"
          ]
        },
        {
          "index_key": 1,
          "schema_version": 1,
          "attributes": {
            "arn": "arn:aws:ec2:us-east-1:137370044763:subnet/subnet-0dbfa8a7de0ac9bec",
            "assign_ipv6_address_on_creation": false,
            "availability_zone": "us-east-1b",
            "availability_zone_id": "use1-az6",
            "cidr_block": "172.21.2.0/24",
            "customer_owned_ipv4_pool": "",
            "enable_dns64": false,
            "enable_lni_at_device_index": 0,
            "enable_resource_name_dns_a_record_on_launch": false,
            "enable_resource_name_dns_aaaa_record_on_launch": false,
            "id": "subnet-0dbfa8a7de0ac9bec",
            "ipv6_cidr_block": "",
            "ipv6_cidr_block_association_id": "",
            "ipv6_native": false,
            "map_customer_owned_ip_on_launch": false,
            "map_public_ip_on_launch": false,
            "outpost_arn": "",
            "owner_id": "137370044763",
            "private_dns_hostname_type_on_launch": "ip-name",
            "tags": {
              "Name": "banking-vpc-public-us-east-1b",
              "enviroment": "prod",
              "terraform": "true"
            },
            "tags_all": {
              "Name": "banking-vpc-public-us-east-1b",
              "enviroment": "prod",
              "terraform": "true"
            },
            "timeouts": null,
            "vpc_id": "vpc-07cf1004260b610e6"
          },
          "sensitive_attributes": [],
          "private": "eyJlMmJmYjczMC1lY2FhLTExZTYtOGY4OC0zNDM2M2JjN2M0YzAiOnsiY3JlYXRlIjo2MDAwMDAwMDAwMDAsImRlbGV0ZSI6MTIwMDAwMDAwMDAwMH0sInNjaGVtYV92ZXJzaW9uIjoiMSJ9",
          "dependencies": [
            "module.vpc.aws_vpc.this",
            "module.vpc.aws_vpc_ipv4_cidr_block_association.this"
          ]
        },
        {
          "index_key": 2,
          "schema_version": 1,
          "attributes": {
            "arn": "arn:aws:ec2:us-east-1:137370044763:subnet/subnet-0f3214b05742a1d55",
            "assign_ipv6_address_on_creation": false,
            "availability_zone": "us-east-1c",
            "availability_zone_id": "use1-az1",
            "cidr_block": "172.21.3.0/24",
            "customer_owned_ipv4_pool": "",
            "enable_dns64": false,
            "enable_lni_at_device_index": 0,
            "enable_resource_name_dns_a_record_on_launch": false,
            "enable_resource_name_dns_aaaa_record_on_launch": false,
            "id": "subnet-0f3214b05742a1d55",
            "ipv6_cidr_block": "",
            "ipv6_cidr_block_association_id": "",
            "ipv6_native": false,
            "map_customer_owned_ip_on_launch": false,
            "map_public_ip_on_launch": false,
            "outpost_arn": "",
            "owner_id": "137370044763",
            "private_dns_hostname_type_on_launch": "ip-name",
            "tags": {
              "Name": "banking-vpc-public-us-east-1c",
              "enviroment": "prod",
              "terraform": "true"
            },
            "tags_all": {
              "Name": "banking-vpc-public-us-east-1c",
              "enviroment": "prod",
              "terraform": "true"
            },
            "timeouts": null,
            "vpc_id": "vpc-07cf1004260b610e6"
          },
          "sensitive_attributes": [],
          "private": "eyJlMmJmYjczMC1lY2FhLTExZTYtOGY4OC0zNDM2M2JjN2M0YzAiOnsiY3JlYXRlIjo2MDAwMDAwMDAwMDAsImRlbGV0ZSI6MTIwMDAwMDAwMDAwMH0sInNjaGVtYV92ZXJzaW9uIjoiMSJ9",
          "dependencies": [
            "module.vpc.aws_vpc.this",
            "module.vpc.aws_vpc_ipv4_cidr_block_association.this"
          ]
        }
      ]
    },
    {
      "module": "module.vpc",
      "mode": "managed",
      "type": "aws_vpc",
      "name": "this",
      "provider": "provider[\"registry.terraform.io/hashicorp/aws\"]",
      "instances": [
        {
          "index_key": 0,
          "schema_version": 1,
          "attributes": {
            "arn": "arn:aws:ec2:us-east-1:137370044763:vpc/vpc-07cf1004260b610e6",
            "assign_generated_ipv6_cidr_block": false,
            "cidr_block": "172.21.0.0/16",
            "default_network_acl_id": "acl-0bbe5cb8afbbd07dc",
            "default_route_table_id": "rtb-086b2dcaa446386e3",
            "default_security_group_id": "sg-0944bec37262f2d74",
            "dhcp_options_id": "dopt-03c9a2e95025c980c",
            "enable_dns_hostnames": true,
            "enable_dns_support": true,
            "enable_network_address_usage_metrics": false,
            "id": "vpc-07cf1004260b610e6",
            "instance_tenancy": "default",
            "ipv4_ipam_pool_id": null,
            "ipv4_netmask_length": null,
            "ipv6_association_id": "",
            "ipv6_cidr_block": "",
            "ipv6_cidr_block_network_border_group": "",
            "ipv6_ipam_pool_id": "",
            "ipv6_netmask_length": 0,
            "main_route_table_id": "rtb-086b2dcaa446386e3",
            "owner_id": "137370044763",
            "tags": {
              "Name": "banking-vpc",
              "enviroment": "prod",
              "terraform": "true"
            },
            "tags_all": {
              "Name": "banking-vpc",
              "enviroment": "prod",
              "terraform": "true"
            }
          },
          "sensitive_attributes": [],
          "private": "eyJzY2hlbWFfdmVyc2lvbiI6IjEifQ=="
        }
      ]
    }
  ],
  "check_results": null
}
