{
  "version": 4,
  "terraform_version": "1.3.6",
  "serial": 3,
  "lineage": "8956e68a-499d-ced1-b0e7-2e909cd63764",
  "outputs": {},
  "resources": [
    {
      "mode": "managed",
      "type": "aws_instance",
      "name": "amazonLinux",
      "provider": "provider[\"registry.terraform.io/hashicorp/aws\"]",
      "instances": [
        {
          "schema_version": 1,
          "attributes": {
            "ami": "ami-0b5eea76982371e91",
            "arn": "arn:aws:ec2:us-east-1:430776688613:instance/i-0da9c5ee88573702f",
            "associate_public_ip_address": true,
            "availability_zone": "us-east-1a",
            "capacity_reservation_specification": [
              {
                "capacity_reservation_preference": "open",
                "capacity_reservation_target": []
              }
            ],
            "cpu_core_count": 1,
            "cpu_threads_per_core": 1,
            "credit_specification": [
              {
                "cpu_credits": "standard"
              }
            ],
            "disable_api_stop": false,
            "disable_api_termination": false,
            "ebs_block_device": [],
            "ebs_optimized": false,
            "enclave_options": [
              {
                "enabled": false
              }
            ],
            "ephemeral_block_device": [],
            "get_password_data": false,
            "hibernation": false,
            "host_id": null,
            "host_resource_group_arn": null,
            "iam_instance_profile": "",
            "id": "i-0da9c5ee88573702f",
            "instance_initiated_shutdown_behavior": "stop",
            "instance_state": "running",
            "instance_type": "t2.micro",
            "ipv6_address_count": 0,
            "ipv6_addresses": [],
            "key_name": "web02-key",
            "launch_template": [],
            "maintenance_options": [
              {
                "auto_recovery": "default"
              }
            ],
            "metadata_options": [
              {
                "http_endpoint": "enabled",
                "http_put_response_hop_limit": 1,
                "http_tokens": "optional",
                "instance_metadata_tags": "disabled"
              }
            ],
            "monitoring": false,
            "network_interface": [],
            "outpost_arn": "",
            "password_data": "",
            "placement_group": "",
            "placement_partition_number": null,
            "primary_network_interface_id": "eni-0dff09bdb75cd1873",
            "private_dns": "ip-172-31-5-44.ec2.internal",
            "private_dns_name_options": [
              {
                "enable_resource_name_dns_a_record": false,
                "enable_resource_name_dns_aaaa_record": false,
                "hostname_type": "ip-name"
              }
            ],
            "private_ip": "172.31.5.44",
            "public_dns": "ec2-3-93-39-154.compute-1.amazonaws.com",
            "public_ip": "3.93.39.154",
            "root_block_device": [
              {
                "delete_on_termination": true,
                "device_name": "/dev/xvda",
                "encrypted": false,
                "iops": 100,
                "kms_key_id": "",
                "tags": {},
                "throughput": 0,
                "volume_id": "vol-0249fbf89f75f6a0c",
                "volume_size": 8,
                "volume_type": "gp2"
              }
            ],
            "secondary_private_ips": [],
            "security_groups": [
              "Gen-SG"
            ],
            "source_dest_check": true,
            "subnet_id": "subnet-0dd6e6ddefd691065",
            "tags": {
              "Name": "amazonLinux-Instance",
              "Project": "Linux"
            },
            "tags_all": {
              "Name": "amazonLinux-Instance",
              "Project": "Linux"
            },
            "tenancy": "default",
            "timeouts": null,
            "user_data": null,
            "user_data_base64": null,
            "user_data_replace_on_change": false,
            "volume_tags": null,
            "vpc_security_group_ids": [
              "sg-0c16777d5f4679998"
            ]
          },
          "sensitive_attributes": [],
          "private": "eyJlMmJmYjczMC1lY2FhLTExZTYtOGY4OC0zNDM2M2JjN2M0YzAiOnsiY3JlYXRlIjo2MDAwMDAwMDAwMDAsImRlbGV0ZSI6MTIwMDAwMDAwMDAwMCwidXBkYXRlIjo2MDAwMDAwMDAwMDB9LCJzY2hlbWFfdmVyc2lvbiI6IjEifQ==",
          "dependencies": [
            "aws_key_pair.amazonLinux"
          ]
        }
      ]
    },
    {
      "mode": "managed",
      "type": "aws_key_pair",
      "name": "amazonLinux",
      "provider": "provider[\"registry.terraform.io/hashicorp/aws\"]",
      "instances": [
        {
          "schema_version": 1,
          "attributes": {
            "arn": "arn:aws:ec2:us-east-1:430776688613:key-pair/web02-key",
            "fingerprint": "6c:71:60:a9:06:7f:82:3e:38:02:ab:5d:20:42:2b:81",
            "id": "web02-key",
            "key_name": "web02-key",
            "key_name_prefix": "",
            "key_pair_id": "key-0243ff9f6c6d93f22",
            "key_type": "rsa",
            "public_key": "ssh-rsa AAAAB3NzaC1yc2EAAAADAQABAAABgQDyP6+7hq3rqekGZ+Pr4vFYjAr7gEq4ZKJJxoxlGn0+QyHjuUS6lpu/Z4huyLGZ6ZTamuV+2/BSgVEsKRxrOA4w3siSd+EhNJA3nsUcdjVWMMF70NgT1lXazqMzh1+R2NnQEZMSB+hMnkKCp7a5VEWae9j1QGtdgrm7VDbrKAm/luGFZBORZiQc+uvPLhFHvonou2DNWKHn0kKJYG7wvpkOplWV+/B4DivXNlyF5QZ09IQzbG5HL4o7nX9AqlA3sejSD6YP2e5CeVcUHxhlS+EdtXngNMD5o6F4AbJR4f0JGCTPP308nlwp1BjT//oDnQxTnIHyvj2oqbTlgZqcBF8xSA30djYHfkdlE3A9MVUv1gznPiEqxlVSoHU351OkY5slUSfOtEK10mAqTU2C1jlETWjT0VXG+XuWnVucmn/EWny0ZeOVPg1Ak+y4Z9YxNyuynEnIRkR+Wv+8gOeah3Iy75EUMefrQKfxHsu2KGUjIANAJwXAxq1YWAWGHxcvOB8= user@DESKTOP-I2FNR52",
            "tags": null,
            "tags_all": {}
          },
          "sensitive_attributes": [],
          "private": "eyJzY2hlbWFfdmVyc2lvbiI6IjEifQ=="
        }
      ]
    }
  ],
  "check_results": null
}
