{
  "version": 4,
  "terraform_version": "1.5.6",
  "serial": 524,
  "lineage": "788a05a7-6b18-d99c-c28f-cac91de70df5",
  "outputs": {},
  "resources": [
    {
      "mode": "managed",
      "type": "aws_db_instance",
      "name": "demobank_rds",
      "provider": "provider[\"registry.terraform.io/hashicorp/aws\"]",
      "instances": [
        {
          "schema_version": 2,
          "attributes": {
            "address": "javademoapp.cfzrgfw3zego.us-east-1.rds.amazonaws.com",
            "allocated_storage": 20,
            "allow_major_version_upgrade": null,
            "apply_immediately": false,
            "arn": "arn:aws:rds:us-east-1:137370044763:db:javademoapp",
            "auto_minor_version_upgrade": true,
            "availability_zone": "us-east-1a",
            "backup_retention_period": 0,
            "backup_target": "region",
            "backup_window": "08:44-09:14",
            "blue_green_update": [],
            "ca_cert_identifier": "rds-ca-2019",
            "character_set_name": "",
            "copy_tags_to_snapshot": false,
            "custom_iam_instance_profile": "",
            "customer_owned_ip_enabled": false,
            "db_name": "demobank_db",
            "db_subnet_group_name": "demobank",
            "delete_automated_backups": true,
            "deletion_protection": false,
            "domain": "",
            "domain_iam_role_name": "",
            "enabled_cloudwatch_logs_exports": [],
            "endpoint": "javademoapp.cfzrgfw3zego.us-east-1.rds.amazonaws.com:3306",
            "engine": "mysql",
            "engine_version": "8.0",
            "engine_version_actual": "8.0.33",
            "final_snapshot_identifier": null,
            "hosted_zone_id": "Z2R2ITUGPM61AM",
            "iam_database_authentication_enabled": false,
            "id": "db-3TR2HR4ZEZQTCJQJQJ2GBCDFME",
            "identifier": "javademoapp",
            "identifier_prefix": "",
            "instance_class": "db.t2.micro",
            "iops": 0,
            "kms_key_id": "",
            "latest_restorable_time": "",
            "license_model": "general-public-license",
            "listener_endpoint": [],
            "maintenance_window": "wed:06:09-wed:06:39",
            "manage_master_user_password": null,
            "master_user_secret": [],
            "master_user_secret_kms_key_id": null,
            "max_allocated_storage": 0,
            "monitoring_interval": 0,
            "monitoring_role_arn": "",
            "multi_az": false,
            "nchar_character_set_name": "",
            "network_type": "IPV4",
            "option_group_name": "default:mysql-8-0",
            "parameter_group_name": "default.mysql8.0",
            "password": "adminuser",
            "performance_insights_enabled": false,
            "performance_insights_kms_key_id": "",
            "performance_insights_retention_period": 0,
            "port": 3306,
            "publicly_accessible": false,
            "replica_mode": "",
            "replicas": [],
            "replicate_source_db": "",
            "resource_id": "db-3TR2HR4ZEZQTCJQJQJ2GBCDFME",
            "restore_to_point_in_time": [],
            "s3_import": [],
            "skip_final_snapshot": true,
            "snapshot_identifier": null,
            "status": "available",
            "storage_encrypted": false,
            "storage_throughput": 0,
            "storage_type": "gp2",
            "tags": {},
            "tags_all": {},
            "timeouts": null,
            "timezone": "",
            "username": "admin",
            "vpc_security_group_ids": [
              "sg-09edcc629e1f8fdec"
            ]
          },
          "sensitive_attributes": [],
          "private": "eyJlMmJmYjczMC1lY2FhLTExZTYtOGY4OC0zNDM2M2JjN2M0YzAiOnsiY3JlYXRlIjoyNDAwMDAwMDAwMDAwLCJkZWxldGUiOjM2MDAwMDAwMDAwMDAsInVwZGF0ZSI6NDgwMDAwMDAwMDAwMH0sInNjaGVtYV92ZXJzaW9uIjoiMiJ9",
          "dependencies": [
            "aws_db_subnet_group.demoapp_db_subnet_group",
            "aws_security_group.bank_app_rds_sg",
            "aws_security_group.banking-beanstalk-Instance",
            "module.vpc.aws_subnet.public",
            "module.vpc.aws_vpc.this",
            "module.vpc.aws_vpc_ipv4_cidr_block_association.this"
          ]
        }
      ]
    },
    {
      "mode": "managed",
      "type": "aws_db_subnet_group",
      "name": "demoapp_db_subnet_group",
      "provider": "provider[\"registry.terraform.io/hashicorp/aws\"]",
      "instances": [
        {
          "schema_version": 0,
          "attributes": {
            "arn": "arn:aws:rds:us-east-1:137370044763:subgrp:demobank",
            "description": "Managed by Terraform",
            "id": "demobank",
            "name": "demobank",
            "name_prefix": "",
            "subnet_ids": [
              "subnet-0164b1b7048785153",
              "subnet-0c07c8a11f2d65a3a",
              "subnet-0cd20a986f3af5550"
            ],
            "supported_network_types": [
              "IPV4"
            ],
            "tags": {
              "Name": "RDS Subnet Group"
            },
            "tags_all": {
              "Name": "RDS Subnet Group"
            },
            "vpc_id": "vpc-06913febb36bf297b"
          },
          "sensitive_attributes": [],
          "private": "bnVsbA==",
          "dependencies": [
            "module.vpc.aws_subnet.public",
            "module.vpc.aws_vpc.this",
            "module.vpc.aws_vpc_ipv4_cidr_block_association.this"
          ]
        }
      ]
    },
    {
      "mode": "managed",
      "type": "aws_elastic_beanstalk_application",
      "name": "banking-beanstalk-app",
      "provider": "provider[\"registry.terraform.io/hashicorp/aws\"]",
      "instances": [
        {
          "schema_version": 0,
          "attributes": {
            "appversion_lifecycle": [],
            "arn": "arn:aws:elasticbeanstalk:us-east-1:137370044763:application/bank-beanstalk-app",
            "description": "",
            "id": "bank-beanstalk-app",
            "name": "bank-beanstalk-app",
            "tags": {},
            "tags_all": {}
          },
          "sensitive_attributes": [],
          "private": "bnVsbA=="
        }
      ]
    },
    {
      "mode": "managed",
      "type": "aws_elastic_beanstalk_environment",
      "name": "banking-beanstalk-env",
      "provider": "provider[\"registry.terraform.io/hashicorp/aws\"]",
      "instances": [
        {
          "schema_version": 1,
          "attributes": {
            "all_settings": [
              {
                "name": "AccessLogsS3Bucket",
                "namespace": "aws:elbv2:loadbalancer",
                "resource": "",
                "value": ""
              },
              {
                "name": "AccessLogsS3Enabled",
                "namespace": "aws:elbv2:loadbalancer",
                "resource": "",
                "value": "false"
              },
              {
                "name": "AccessLogsS3Prefix",
                "namespace": "aws:elbv2:loadbalancer",
                "resource": "",
                "value": ""
              },
              {
                "name": "AppSource",
                "namespace": "aws:cloudformation:template:parameter",
                "resource": "",
                "value": "https://elasticbeanstalk-platform-assets-us-east-1.s3.amazonaws.com/stalks/eb_corretto17_amazon_linux_2_1.0.5019.0_20231005215352/sampleapp/EBSampleApp-Corretto.zip"
              },
              {
                "name": "Application Healthcheck URL",
                "namespace": "aws:elasticbeanstalk:application",
                "resource": "",
                "value": ""
              },
              {
                "name": "AssociatePublicIpAddress",
                "namespace": "aws:ec2:vpc",
                "resource": "",
                "value": "true"
              },
              {
                "name": "Automatically Terminate Unhealthy Instances",
                "namespace": "aws:elasticbeanstalk:monitoring",
                "resource": "",
                "value": "true"
              },
              {
                "name": "Availability Zones",
                "namespace": "aws:autoscaling:asg",
                "resource": "",
                "value": "Any 3"
              },
              {
                "name": "BatchSize",
                "namespace": "aws:elasticbeanstalk:command",
                "resource": "",
                "value": "100"
              },
              {
                "name": "BatchSizeType",
                "namespace": "aws:elasticbeanstalk:command",
                "resource": "",
                "value": "Percentage"
              },
              {
                "name": "BlockDeviceMappings",
                "namespace": "aws:autoscaling:launchconfiguration",
                "resource": "",
                "value": ""
              },
              {
                "name": "BreachDuration",
                "namespace": "aws:autoscaling:trigger",
                "resource": "",
                "value": "5"
              },
              {
                "name": "ConfigDocument",
                "namespace": "aws:elasticbeanstalk:healthreporting:system",
                "resource": "",
                "value": "{\"Version\":1,\"CloudWatchMetrics\":{\"Instance\":{\"CPUIrq\":null,\"LoadAverage5min\":null,\"ApplicationRequests5xx\":null,\"ApplicationRequests4xx\":null,\"CPUUser\":null,\"LoadAverage1min\":null,\"ApplicationLatencyP50\":null,\"CPUIdle\":null,\"InstanceHealth\":null,\"ApplicationLatencyP95\":null,\"ApplicationLatencyP85\":null,\"RootFilesystemUtil\":null,\"ApplicationLatencyP90\":null,\"CPUSystem\":null,\"ApplicationLatencyP75\":null,\"CPUSoftirq\":null,\"ApplicationLatencyP10\":null,\"ApplicationLatencyP99\":null,\"ApplicationRequestsTotal\":null,\"ApplicationLatencyP99.9\":null,\"ApplicationRequests3xx\":null,\"ApplicationRequests2xx\":null,\"CPUIowait\":null,\"CPUNice\":null},\"Environment\":{\"InstancesSevere\":null,\"InstancesDegraded\":null,\"ApplicationRequests5xx\":null,\"ApplicationRequests4xx\":null,\"ApplicationLatencyP50\":null,\"ApplicationLatencyP95\":null,\"ApplicationLatencyP85\":null,\"InstancesUnknown\":null,\"ApplicationLatencyP90\":null,\"InstancesInfo\":null,\"InstancesPending\":null,\"ApplicationLatencyP75\":null,\"ApplicationLatencyP10\":null,\"ApplicationLatencyP99\":null,\"ApplicationRequestsTotal\":null,\"InstancesNoData\":null,\"ApplicationLatencyP99.9\":null,\"ApplicationRequests3xx\":null,\"ApplicationRequests2xx\":null,\"InstancesOk\":null,\"InstancesWarning\":null}}}"
              },
              {
                "name": "Cooldown",
                "namespace": "aws:autoscaling:asg",
                "resource": "",
                "value": "360"
              },
              {
                "name": "Custom Availability Zones",
                "namespace": "aws:autoscaling:asg",
                "resource": "",
                "value": ""
              },
              {
                "name": "DefaultProcess",
                "namespace": "aws:elbv2:listener:default",
                "resource": "",
                "value": "default"
              },
              {
                "name": "DefaultSSHPort",
                "namespace": "aws:elasticbeanstalk:control",
                "resource": "",
                "value": "22"
              },
              {
                "name": "DeleteOnTerminate",
                "namespace": "aws:elasticbeanstalk:cloudwatch:logs",
                "resource": "",
                "value": "false"
              },
              {
                "name": "DeleteOnTerminate",
                "namespace": "aws:elasticbeanstalk:cloudwatch:logs:health",
                "resource": "",
                "value": "false"
              },
              {
                "name": "DeploymentPolicy",
                "namespace": "aws:elasticbeanstalk:command",
                "resource": "",
                "value": "AllAtOnce"
              },
              {
                "name": "DeregistrationDelay",
                "namespace": "aws:elasticbeanstalk:environment:process:default",
                "resource": "",
                "value": "20"
              },
              {
                "name": "DisableIMDSv1",
                "namespace": "aws:autoscaling:launchconfiguration",
                "resource": "",
                "value": "false"
              },
              {
                "name": "EC2KeyName",
                "namespace": "aws:autoscaling:launchconfiguration",
                "resource": "",
                "value": "bank-key"
              },
              {
                "name": "ELBScheme",
                "namespace": "aws:ec2:vpc",
                "resource": "",
                "value": "public"
              },
              {
                "name": "ELBSubnets",
                "namespace": "aws:ec2:vpc",
                "resource": "",
                "value": "subnet-0164b1b7048785153,subnet-0c07c8a11f2d65a3a,subnet-0cd20a986f3af5550"
              },
              {
                "name": "EnableCapacityRebalancing",
                "namespace": "aws:autoscaling:asg",
                "resource": "",
                "value": "false"
              },
              {
                "name": "EnableSpot",
                "namespace": "aws:ec2:instances",
                "resource": "",
                "value": "false"
              },
              {
                "name": "EnhancedHealthAuthEnabled",
                "namespace": "aws:elasticbeanstalk:healthreporting:system",
                "resource": "",
                "value": "true"
              },
              {
                "name": "EnvironmentType",
                "namespace": "aws:elasticbeanstalk:environment",
                "resource": "",
                "value": "LoadBalanced"
              },
              {
                "name": "EnvironmentVariables",
                "namespace": "aws:cloudformation:template:parameter",
                "resource": "",
                "value": "SERVER_PORT=5000,PORT=5000,M2=/usr/local/apache-maven/bin,M2_HOME=/usr/local/apache-maven,GRADLE_HOME=/usr/local/gradle"
              },
              {
                "name": "EvaluationPeriods",
                "namespace": "aws:autoscaling:trigger",
                "resource": "",
                "value": "1"
              },
              {
                "name": "EvaluationTime",
                "namespace": "aws:elasticbeanstalk:trafficsplitting",
                "resource": "",
                "value": ""
              },
              {
                "name": "ExternalExtensionsS3Bucket",
                "namespace": "aws:elasticbeanstalk:environment",
                "resource": "",
                "value": ""
              },
              {
                "name": "ExternalExtensionsS3Key",
                "namespace": "aws:elasticbeanstalk:environment",
                "resource": "",
                "value": ""
              },
              {
                "name": "GRADLE_HOME",
                "namespace": "aws:elasticbeanstalk:application:environment",
                "resource": "",
                "value": "/usr/local/gradle"
              },
              {
                "name": "HasCoupledDatabase",
                "namespace": "aws:rds:dbinstance",
                "resource": "",
                "value": "false"
              },
              {
                "name": "HealthCheckInterval",
                "namespace": "aws:elasticbeanstalk:environment:process:default",
                "resource": "",
                "value": "15"
              },
              {
                "name": "HealthCheckPath",
                "namespace": "aws:elasticbeanstalk:environment:process:default",
                "resource": "",
                "value": "/"
              },
              {
                "name": "HealthCheckSuccessThreshold",
                "namespace": "aws:elasticbeanstalk:healthreporting:system",
                "resource": "",
                "value": "Ok"
              },
              {
                "name": "HealthCheckTimeout",
                "namespace": "aws:elasticbeanstalk:environment:process:default",
                "resource": "",
                "value": "5"
              },
              {
                "name": "HealthStreamingEnabled",
                "namespace": "aws:elasticbeanstalk:cloudwatch:logs:health",
                "resource": "",
                "value": "false"
              },
              {
                "name": "HealthyThresholdCount",
                "namespace": "aws:elasticbeanstalk:environment:process:default",
                "resource": "",
                "value": "3"
              },
              {
                "name": "HooksPkgUrl",
                "namespace": "aws:cloudformation:template:parameter",
                "resource": "",
                "value": "https://elasticbeanstalk-platform-assets-us-east-1.s3.amazonaws.com/stalks/eb_corretto17_amazon_linux_2_1.0.5019.0_20231005215352/lib/hooks.tar.gz"
              },
              {
                "name": "IamInstanceProfile",
                "namespace": "aws:autoscaling:launchconfiguration",
                "resource": "",
                "value": "Ansible_admin"
              },
              {
                "name": "IdleTimeout",
                "namespace": "aws:elbv2:loadbalancer",
                "resource": "",
                "value": ""
              },
              {
                "name": "IgnoreHealthCheck",
                "namespace": "aws:elasticbeanstalk:command",
                "resource": "",
                "value": "false"
              },
              {
                "name": "ImageId",
                "namespace": "aws:autoscaling:launchconfiguration",
                "resource": "",
                "value": "ami-02f351dc439d4efaa"
              },
              {
                "name": "InstancePort",
                "namespace": "aws:cloudformation:template:parameter",
                "resource": "",
                "value": "80"
              },
              {
                "name": "InstanceRefreshEnabled",
                "namespace": "aws:elasticbeanstalk:managedactions:platformupdate",
                "resource": "",
                "value": "false"
              },
              {
                "name": "InstanceType",
                "namespace": "aws:autoscaling:launchconfiguration",
                "resource": "",
                "value": "t2.micro"
              },
              {
                "name": "InstanceTypeFamily",
                "namespace": "aws:cloudformation:template:parameter",
                "resource": "",
                "value": "t2"
              },
              {
                "name": "InstanceTypes",
                "namespace": "aws:ec2:instances",
                "resource": "",
                "value": "t2.micro"
              },
              {
                "name": "LaunchTemplateTagPropagationEnabled",
                "namespace": "aws:autoscaling:launchconfiguration",
                "resource": "",
                "value": ""
              },
              {
                "name": "LaunchTimeout",
                "namespace": "aws:elasticbeanstalk:control",
                "resource": "",
                "value": "0"
              },
              {
                "name": "LaunchType",
                "namespace": "aws:elasticbeanstalk:control",
                "resource": "",
                "value": "Migration"
              },
              {
                "name": "ListenerEnabled",
                "namespace": "aws:elbv2:listener:default",
                "resource": "",
                "value": "true"
              },
              {
                "name": "LoadBalancerIsShared",
                "namespace": "aws:elasticbeanstalk:environment",
                "resource": "",
                "value": "false"
              },
              {
                "name": "LoadBalancerType",
                "namespace": "aws:elasticbeanstalk:environment",
                "resource": "",
                "value": "application"
              },
              {
                "name": "LogPublicationControl",
                "namespace": "aws:elasticbeanstalk:hostmanager",
                "resource": "",
                "value": "false"
              },
              {
                "name": "LowerBreachScaleIncrement",
                "namespace": "aws:autoscaling:trigger",
                "resource": "",
                "value": "-1"
              },
              {
                "name": "LowerThreshold",
                "namespace": "aws:autoscaling:trigger",
                "resource": "",
                "value": "2000000"
              },
              {
                "name": "M2",
                "namespace": "aws:elasticbeanstalk:application:environment",
                "resource": "",
                "value": "/usr/local/apache-maven/bin"
              },
              {
                "name": "M2_HOME",
                "namespace": "aws:elasticbeanstalk:application:environment",
                "resource": "",
                "value": "/usr/local/apache-maven"
              },
              {
                "name": "ManagedActionsEnabled",
                "namespace": "aws:elasticbeanstalk:managedactions",
                "resource": "",
                "value": "false"
              },
              {
                "name": "MatcherHTTPCode",
                "namespace": "aws:elasticbeanstalk:environment:process:default",
                "resource": "",
                "value": "200"
              },
              {
                "name": "MaxBatchSize",
                "namespace": "aws:autoscaling:updatepolicy:rollingupdate",
                "resource": "",
                "value": ""
              },
              {
                "name": "MaxSize",
                "namespace": "aws:autoscaling:asg",
                "resource": "",
                "value": "2"
              },
              {
                "name": "MeasureName",
                "namespace": "aws:autoscaling:trigger",
                "resource": "",
                "value": "NetworkOut"
              },
              {
                "name": "MinInstancesInService",
                "namespace": "aws:autoscaling:updatepolicy:rollingupdate",
                "resource": "",
                "value": ""
              },
              {
                "name": "MinSize",
                "namespace": "aws:autoscaling:asg",
                "resource": "",
                "value": "1"
              },
              {
                "name": "MonitoringInterval",
                "namespace": "aws:autoscaling:launchconfiguration",
                "resource": "",
                "value": "5 minute"
              },
              {
                "name": "NewVersionPercent",
                "namespace": "aws:elasticbeanstalk:trafficsplitting",
                "resource": "",
                "value": ""
              },
              {
                "name": "Notification Endpoint",
                "namespace": "aws:elasticbeanstalk:sns:topics",
                "resource": "",
                "value": ""
              },
              {
                "name": "Notification Protocol",
                "namespace": "aws:elasticbeanstalk:sns:topics",
                "resource": "",
                "value": "email"
              },
              {
                "name": "Notification Topic ARN",
                "namespace": "aws:elasticbeanstalk:sns:topics",
                "resource": "",
                "value": ""
              },
              {
                "name": "Notification Topic Name",
                "namespace": "aws:elasticbeanstalk:sns:topics",
                "resource": "",
                "value": ""
              },
              {
                "name": "PORT",
                "namespace": "aws:elasticbeanstalk:application:environment",
                "resource": "",
                "value": "5000"
              },
              {
                "name": "PauseTime",
                "namespace": "aws:autoscaling:updatepolicy:rollingupdate",
                "resource": "",
                "value": ""
              },
              {
                "name": "Period",
                "namespace": "aws:autoscaling:trigger",
                "resource": "",
                "value": "5"
              },
              {
                "name": "Port",
                "namespace": "aws:elasticbeanstalk:environment:process:default",
                "resource": "",
                "value": "80"
              },
              {
                "name": "PreferredStartTime",
                "namespace": "aws:elasticbeanstalk:managedactions",
                "resource": "",
                "value": ""
              },
              {
                "name": "Protocol",
                "namespace": "aws:elasticbeanstalk:environment:process:default",
                "resource": "",
                "value": "HTTP"
              },
              {
                "name": "Protocol",
                "namespace": "aws:elbv2:listener:default",
                "resource": "",
                "value": "HTTP"
              },
              {
                "name": "RetentionInDays",
                "namespace": "aws:elasticbeanstalk:cloudwatch:logs",
                "resource": "",
                "value": "7"
              },
              {
                "name": "RetentionInDays",
                "namespace": "aws:elasticbeanstalk:cloudwatch:logs:health",
                "resource": "",
                "value": "7"
              },
              {
                "name": "RollbackLaunchOnFailure",
                "namespace": "aws:elasticbeanstalk:control",
                "resource": "",
                "value": "false"
              },
              {
                "name": "RollingUpdateEnabled",
                "namespace": "aws:autoscaling:updatepolicy:rollingupdate",
                "resource": "",
                "value": "false"
              },
              {
                "name": "RollingUpdateType",
                "namespace": "aws:autoscaling:updatepolicy:rollingupdate",
                "resource": "",
                "value": "Time"
              },
              {
                "name": "RootVolumeIOPS",
                "namespace": "aws:autoscaling:launchconfiguration",
                "resource": "",
                "value": ""
              },
              {
                "name": "RootVolumeSize",
                "namespace": "aws:autoscaling:launchconfiguration",
                "resource": "",
                "value": "10"
              },
              {
                "name": "RootVolumeThroughput",
                "namespace": "aws:autoscaling:launchconfiguration",
                "resource": "",
                "value": ""
              },
              {
                "name": "RootVolumeType",
                "namespace": "aws:autoscaling:launchconfiguration",
                "resource": "",
                "value": "gp2"
              },
              {
                "name": "Rules",
                "namespace": "aws:elbv2:listener:default",
                "resource": "",
                "value": ""
              },
              {
                "name": "SERVER_PORT",
                "namespace": "aws:elasticbeanstalk:application:environment",
                "resource": "",
                "value": "5000"
              },
              {
                "name": "SSHSourceRestriction",
                "namespace": "aws:autoscaling:launchconfiguration",
                "resource": "",
                "value": "tcp,22,22,0.0.0.0/0"
              },
              {
                "name": "SSLCertificateArns",
                "namespace": "aws:elbv2:listener:default",
                "resource": "",
                "value": ""
              },
              {
                "name": "SSLPolicy",
                "namespace": "aws:elbv2:listener:default",
                "resource": "",
                "value": ""
              },
              {
                "name": "SecurityGroups",
                "namespace": "aws:autoscaling:launchconfiguration",
                "resource": "",
                "value": "sg-0cb1e67fe992a842c"
              },
              {
                "name": "SecurityGroups",
                "namespace": "aws:elbv2:loadbalancer",
                "resource": "",
                "value": "sg-0ca072c3e45652662"
              },
              {
                "name": "ServiceRole",
                "namespace": "aws:elasticbeanstalk:environment",
                "resource": "",
                "value": "AWSServiceRoleForElasticBeanstalk"
              },
              {
                "name": "ServiceRoleForManagedUpdates",
                "namespace": "aws:elasticbeanstalk:managedactions",
                "resource": "",
                "value": ""
              },
              {
                "name": "SpotFleetOnDemandAboveBasePercentage",
                "namespace": "aws:ec2:instances",
                "resource": "",
                "value": "70"
              },
              {
                "name": "SpotFleetOnDemandBase",
                "namespace": "aws:ec2:instances",
                "resource": "",
                "value": "0"
              },
              {
                "name": "SpotMaxPrice",
                "namespace": "aws:ec2:instances",
                "resource": "",
                "value": ""
              },
              {
                "name": "StaticFiles",
                "namespace": "aws:cloudformation:template:parameter",
                "resource": "",
                "value": ""
              },
              {
                "name": "Statistic",
                "namespace": "aws:autoscaling:trigger",
                "resource": "",
                "value": "Average"
              },
              {
                "name": "StickinessEnabled",
                "namespace": "aws:elasticbeanstalk:environment:process:default",
                "resource": "",
                "value": "false"
              },
              {
                "name": "StickinessLBCookieDuration",
                "namespace": "aws:elasticbeanstalk:environment:process:default",
                "resource": "",
                "value": "86400"
              },
              {
                "name": "StickinessType",
                "namespace": "aws:elasticbeanstalk:environment:process:default",
                "resource": "",
                "value": "lb_cookie"
              },
              {
                "name": "StreamLogs",
                "namespace": "aws:elasticbeanstalk:cloudwatch:logs",
                "resource": "",
                "value": "false"
              },
              {
                "name": "Subnets",
                "namespace": "aws:ec2:vpc",
                "resource": "",
                "value": "subnet-0164b1b7048785153,subnet-0c07c8a11f2d65a3a,subnet-0cd20a986f3af5550"
              },
              {
                "name": "SupportedArchitectures",
                "namespace": "aws:ec2:instances",
                "resource": "",
                "value": "x86_64"
              },
              {
                "name": "SystemType",
                "namespace": "aws:elasticbeanstalk:healthreporting:system",
                "resource": "",
                "value": "enhanced"
              },
              {
                "name": "Timeout",
                "namespace": "aws:autoscaling:updatepolicy:rollingupdate",
                "resource": "",
                "value": "PT30M"
              },
              {
                "name": "Timeout",
                "namespace": "aws:elasticbeanstalk:command",
                "resource": "",
                "value": "600"
              },
              {
                "name": "UnhealthyThresholdCount",
                "namespace": "aws:elasticbeanstalk:environment:process:default",
                "resource": "",
                "value": "5"
              },
              {
                "name": "Unit",
                "namespace": "aws:autoscaling:trigger",
                "resource": "",
                "value": "Bytes"
              },
              {
                "name": "UpdateLevel",
                "namespace": "aws:elasticbeanstalk:managedactions:platformupdate",
                "resource": "",
                "value": ""
              },
              {
                "name": "UpperBreachScaleIncrement",
                "namespace": "aws:autoscaling:trigger",
                "resource": "",
                "value": "1"
              },
              {
                "name": "UpperThreshold",
                "namespace": "aws:autoscaling:trigger",
                "resource": "",
                "value": "6000000"
              },
              {
                "name": "VPCId",
                "namespace": "aws:ec2:vpc",
                "resource": "",
                "value": "vpc-06913febb36bf297b"
              },
              {
                "name": "XRayEnabled",
                "namespace": "aws:elasticbeanstalk:xray",
                "resource": "",
                "value": "false"
              }
            ],
            "application": "bank-beanstalk-app",
            "arn": "arn:aws:elasticbeanstalk:us-east-1:137370044763:environment/bank-beanstalk-app/bank-beanstalk-env",
            "autoscaling_groups": [
              "awseb-e-w3npimjfcq-stack-AWSEBAutoScalingGroup-W7kSPCDgD8ul"
            ],
            "cname": "java-banking-demo-app.us-east-1.elasticbeanstalk.com",
            "cname_prefix": "java-banking-demo-app",
            "description": "",
            "endpoint_url": "awseb--AWSEB-47QArhXpdDBG-1423284272.us-east-1.elb.amazonaws.com",
            "id": "e-w3npimjfcq",
            "instances": [
              "i-05eaf8d4067857951"
            ],
            "launch_configurations": [
              "awseb-e-w3npimjfcq-stack-AWSEBAutoScalingLaunchConfiguration-gUfSXuuxIChN"
            ],
            "load_balancers": [
              "arn:aws:elasticloadbalancing:us-east-1:137370044763:loadbalancer/app/awseb--AWSEB-47QArhXpdDBG/68ab0052d5c688d9"
            ],
            "name": "bank-beanstalk-env",
            "platform_arn": "arn:aws:elasticbeanstalk:us-east-1::platform/Corretto 17 running on 64bit Amazon Linux 2/3.5.1",
            "poll_interval": null,
            "queues": [],
            "setting": [
              {
                "name": "AssociatePublicIpAddress",
                "namespace": "aws:ec2:vpc",
                "resource": "",
                "value": "true"
              },
              {
                "name": "Availability Zones",
                "namespace": "aws:autoscaling:asg",
                "resource": "",
                "value": "Any 3"
              },
              {
                "name": "DeploymentPolicy",
                "namespace": "aws:elasticbeanstalk:command",
                "resource": "",
                "value": "AllAtOnce"
              },
              {
                "name": "EC2KeyName",
                "namespace": "aws:autoscaling:launchconfiguration",
                "resource": "",
                "value": "bank-key"
              },
              {
                "name": "ELBSubnets",
                "namespace": "aws:ec2:vpc",
                "resource": "",
                "value": "subnet-0164b1b7048785153,subnet-0c07c8a11f2d65a3a,subnet-0cd20a986f3af5550"
              },
              {
                "name": "EnvironmentType",
                "namespace": "aws:elasticbeanstalk:environment",
                "resource": "",
                "value": "LoadBalanced"
              },
              {
                "name": "HealthCheckPath",
                "namespace": "aws:elasticbeanstalk:environment:process:default",
                "resource": "",
                "value": "/"
              },
              {
                "name": "IamInstanceProfile",
                "namespace": "aws:autoscaling:launchconfiguration",
                "resource": "",
                "value": "Ansible_admin"
              },
              {
                "name": "InstanceType",
                "namespace": "aws:autoscaling:launchconfiguration",
                "resource": "",
                "value": "t2.micro"
              },
              {
                "name": "LoadBalancerType",
                "namespace": "aws:elasticbeanstalk:environment",
                "resource": "",
                "value": "application"
              },
              {
                "name": "MatcherHTTPCode",
                "namespace": "aws:elasticbeanstalk:environment:process:default",
                "resource": "",
                "value": "200"
              },
              {
                "name": "MaxSize",
                "namespace": "aws:autoscaling:asg",
                "resource": "",
                "value": "2"
              },
              {
                "name": "MinSize",
                "namespace": "aws:autoscaling:asg",
                "resource": "",
                "value": "1"
              },
              {
                "name": "RootVolumeSize",
                "namespace": "aws:autoscaling:launchconfiguration",
                "resource": "",
                "value": "10"
              },
              {
                "name": "RootVolumeType",
                "namespace": "aws:autoscaling:launchconfiguration",
                "resource": "",
                "value": "gp2"
              },
              {
                "name": "SERVER_PORT",
                "namespace": "aws:elasticbeanstalk:application:environment",
                "resource": "",
                "value": "5000"
              },
              {
                "name": "SecurityGroups",
                "namespace": "aws:autoscaling:launchconfiguration",
                "resource": "",
                "value": "sg-0cb1e67fe992a842c"
              },
              {
                "name": "SecurityGroups",
                "namespace": "aws:elbv2:loadbalancer",
                "resource": "",
                "value": "sg-0ca072c3e45652662"
              },
              {
                "name": "Subnets",
                "namespace": "aws:ec2:vpc",
                "resource": "",
                "value": "subnet-0164b1b7048785153,subnet-0c07c8a11f2d65a3a,subnet-0cd20a986f3af5550"
              },
              {
                "name": "SystemType",
                "namespace": "aws:elasticbeanstalk:healthreporting:system",
                "resource": "",
                "value": "enhanced"
              },
              {
                "name": "VPCId",
                "namespace": "aws:ec2:vpc",
                "resource": "",
                "value": "vpc-06913febb36bf297b"
              }
            ],
            "solution_stack_name": "64bit Amazon Linux 2 v3.5.1 running Corretto 17",
            "tags": {},
            "tags_all": {},
            "template_name": null,
            "tier": "WebServer",
            "triggers": [],
            "version_label": "",
            "wait_for_ready_timeout": "20m"
          },
          "sensitive_attributes": [],
          "private": "eyJzY2hlbWFfdmVyc2lvbiI6IjEifQ==",
          "dependencies": [
            "aws_elastic_beanstalk_application.banking-beanstalk-app",
            "aws_key_pair.bank_app_key",
            "aws_security_group.bank-beanstalk-app-elb-sg",
            "aws_security_group.bank_app_rds_sg",
            "aws_security_group.banking-beanstalk-Instance",
            "module.vpc.aws_subnet.public",
            "module.vpc.aws_vpc.this",
            "module.vpc.aws_vpc_ipv4_cidr_block_association.this"
          ]
        }
      ]
    },
    {
      "mode": "managed",
      "type": "aws_key_pair",
      "name": "bank_app_key",
      "provider": "provider[\"registry.terraform.io/hashicorp/aws\"]",
      "instances": [
        {
          "schema_version": 1,
          "attributes": {
            "arn": "arn:aws:ec2:us-east-1:137370044763:key-pair/bank-key",
            "fingerprint": "a1:98:ad:e2:c6:9c:24:42:03:4c:df:17:4b:86:a8:ac",
            "id": "bank-key",
            "key_name": "bank-key",
            "key_name_prefix": "",
            "key_pair_id": "key-0f5312d0e663c5e6a",
            "key_type": "rsa",
            "public_key": "ssh-rsa AAAAB3NzaC1yc2EAAAADAQABAAABgQDT4BfRczUH9rlFxrd1ohy2RfzOIcQX4PWA4ToUcq+FpYt2iaSXP+LH0QFmpc5urAx+EN6dB4SPc/B3hycFtyD1p83mGrHGHQ0NiEu8JLLMs4jocjArt0bvW/+JvDxK6gcaZZA5zUnCtv/nYWrbEFiQ9k3p5lTlIGcqtk8IiXVADV4y+7YDqZnh5QCFGZxLcaoZO4VfRCgBb6uO+I+XuBfImO4gPlqEAN6AzjdYK8bi2+DkC8mJnbrTqd49DvM3iOXBl3lGATIuwP0YU8XMvCa07fKig9kSRz6RwzXcrauWamgGYKcXkkeLhkh1U2pddpjNgxsaJKm7OEuDfmYFkUfQpo8vBv5QaB/kD0EeiTpFXT5tkgXNCY2eQA1jL+PuAQ6DH8l4QyAsCO1q/e0MSpNG4fa/ER+lV9QoeEYHQ4Q2M3WXMApd4NOixdxGau6rhXwUwK2zHWlZBADyQh81bv6y7EDnN/JDZ4Po1ZIiSHHl8ZyHPWP3TxblieIERYB96M0= User@DESKTOP-ACC3",
            "tags": {},
            "tags_all": {}
          },
          "sensitive_attributes": [],
          "private": "eyJzY2hlbWFfdmVyc2lvbiI6IjEifQ=="
        }
      ]
    },
    {
      "mode": "managed",
      "type": "aws_security_group",
      "name": "bank-beanstalk-app-elb-sg",
      "provider": "provider[\"registry.terraform.io/hashicorp/aws\"]",
      "instances": [
        {
          "schema_version": 1,
          "attributes": {
            "arn": "arn:aws:ec2:us-east-1:137370044763:security-group/sg-0ca072c3e45652662",
            "description": "Security group for beanstalk load balancer",
            "egress": [
              {
                "cidr_blocks": [
                  "0.0.0.0/0"
                ],
                "description": "",
                "from_port": 0,
                "ipv6_cidr_blocks": [],
                "prefix_list_ids": [],
                "protocol": "-1",
                "security_groups": [],
                "self": false,
                "to_port": 0
              }
            ],
            "id": "sg-0ca072c3e45652662",
            "ingress": [
              {
                "cidr_blocks": [
                  "0.0.0.0/0"
                ],
                "description": "",
                "from_port": 80,
                "ipv6_cidr_blocks": [],
                "prefix_list_ids": [],
                "protocol": "tcp",
                "security_groups": [],
                "self": false,
                "to_port": 80
              }
            ],
            "name": "banking-beanstalk-elb-sg",
            "name_prefix": "",
            "owner_id": "137370044763",
            "revoke_rules_on_delete": false,
            "tags": {
              "Name": "Beanstalk_ELB_SG"
            },
            "tags_all": {
              "Name": "Beanstalk_ELB_SG"
            },
            "timeouts": null,
            "vpc_id": "vpc-06913febb36bf297b"
          },
          "sensitive_attributes": [],
          "private": "eyJlMmJmYjczMC1lY2FhLTExZTYtOGY4OC0zNDM2M2JjN2M0YzAiOnsiY3JlYXRlIjo2MDAwMDAwMDAwMDAsImRlbGV0ZSI6OTAwMDAwMDAwMDAwfSwic2NoZW1hX3ZlcnNpb24iOiIxIn0=",
          "dependencies": [
            "module.vpc.aws_vpc.this"
          ]
        }
      ]
    },
    {
      "mode": "managed",
      "type": "aws_security_group",
      "name": "bank_app_rds_sg",
      "provider": "provider[\"registry.terraform.io/hashicorp/aws\"]",
      "instances": [
        {
          "schema_version": 1,
          "attributes": {
            "arn": "arn:aws:ec2:us-east-1:137370044763:security-group/sg-09edcc629e1f8fdec",
            "description": "Security group for database connection",
            "egress": [
              {
                "cidr_blocks": [
                  "0.0.0.0/0"
                ],
                "description": "",
                "from_port": 0,
                "ipv6_cidr_blocks": [],
                "prefix_list_ids": [],
                "protocol": "-1",
                "security_groups": [],
                "self": false,
                "to_port": 0
              }
            ],
            "id": "sg-09edcc629e1f8fdec",
            "ingress": [
              {
                "cidr_blocks": [
                  "0.0.0.0/0"
                ],
                "description": "",
                "from_port": 3306,
                "ipv6_cidr_blocks": [],
                "prefix_list_ids": [],
                "protocol": "tcp",
                "security_groups": [],
                "self": false,
                "to_port": 3306
              },
              {
                "cidr_blocks": [],
                "description": null,
                "from_port": 3306,
                "ipv6_cidr_blocks": [],
                "prefix_list_ids": [],
                "protocol": "tcp",
                "security_groups": [
                  "sg-0cb1e67fe992a842c"
                ],
                "self": false,
                "to_port": 3306
              }
            ],
            "name": "banking_application_database_sg",
            "name_prefix": "",
            "owner_id": "137370044763",
            "revoke_rules_on_delete": false,
            "tags": {
              "Name": "RDS_instance_SG"
            },
            "tags_all": {
              "Name": "RDS_instance_SG"
            },
            "timeouts": null,
            "vpc_id": "vpc-06913febb36bf297b"
          },
          "sensitive_attributes": [],
          "private": "eyJlMmJmYjczMC1lY2FhLTExZTYtOGY4OC0zNDM2M2JjN2M0YzAiOnsiY3JlYXRlIjo2MDAwMDAwMDAwMDAsImRlbGV0ZSI6OTAwMDAwMDAwMDAwfSwic2NoZW1hX3ZlcnNpb24iOiIxIn0=",
          "dependencies": [
            "aws_security_group.banking-beanstalk-Instance",
            "module.vpc.aws_vpc.this"
          ]
        }
      ]
    },
    {
      "mode": "managed",
      "type": "aws_security_group",
      "name": "banking-beanstalk-Instance",
      "provider": "provider[\"registry.terraform.io/hashicorp/aws\"]",
      "instances": [
        {
          "schema_version": 1,
          "attributes": {
            "arn": "arn:aws:ec2:us-east-1:137370044763:security-group/sg-0cb1e67fe992a842c",
            "description": "Security group for beanstalk instance",
            "egress": [
              {
                "cidr_blocks": [
                  "0.0.0.0/0"
                ],
                "description": "",
                "from_port": 0,
                "ipv6_cidr_blocks": [],
                "prefix_list_ids": [],
                "protocol": "-1",
                "security_groups": [],
                "self": false,
                "to_port": 0
              }
            ],
            "id": "sg-0cb1e67fe992a842c",
            "ingress": [
              {
                "cidr_blocks": [
                  "0.0.0.0/0"
                ],
                "description": "",
                "from_port": 22,
                "ipv6_cidr_blocks": [],
                "prefix_list_ids": [],
                "protocol": "tcp",
                "security_groups": [],
                "self": false,
                "to_port": 22
              }
            ],
            "name": "java-beanstalk-instance-sg",
            "name_prefix": "",
            "owner_id": "137370044763",
            "revoke_rules_on_delete": false,
            "tags": {
              "Name": "Beanstalk_instance_SG"
            },
            "tags_all": {
              "Name": "Beanstalk_instance_SG"
            },
            "timeouts": null,
            "vpc_id": "vpc-06913febb36bf297b"
          },
          "sensitive_attributes": [],
          "private": "eyJlMmJmYjczMC1lY2FhLTExZTYtOGY4OC0zNDM2M2JjN2M0YzAiOnsiY3JlYXRlIjo2MDAwMDAwMDAwMDAsImRlbGV0ZSI6OTAwMDAwMDAwMDAwfSwic2NoZW1hX3ZlcnNpb24iOiIxIn0=",
          "dependencies": [
            "module.vpc.aws_vpc.this"
          ]
        }
      ]
    },
    {
      "module": "module.vpc",
      "mode": "managed",
      "type": "aws_default_network_acl",
      "name": "this",
      "provider": "provider[\"registry.terraform.io/hashicorp/aws\"]",
      "instances": [
        {
          "index_key": 0,
          "schema_version": 0,
          "attributes": {
            "arn": "arn:aws:ec2:us-east-1:137370044763:network-acl/acl-014696c7ab0e76253",
            "default_network_acl_id": "acl-014696c7ab0e76253",
            "egress": [
              {
                "action": "allow",
                "cidr_block": "",
                "from_port": 0,
                "icmp_code": 0,
                "icmp_type": 0,
                "ipv6_cidr_block": "::/0",
                "protocol": "-1",
                "rule_no": 101,
                "to_port": 0
              },
              {
                "action": "allow",
                "cidr_block": "0.0.0.0/0",
                "from_port": 0,
                "icmp_code": 0,
                "icmp_type": 0,
                "ipv6_cidr_block": "",
                "protocol": "-1",
                "rule_no": 100,
                "to_port": 0
              }
            ],
            "id": "acl-014696c7ab0e76253",
            "ingress": [
              {
                "action": "allow",
                "cidr_block": "",
                "from_port": 0,
                "icmp_code": 0,
                "icmp_type": 0,
                "ipv6_cidr_block": "::/0",
                "protocol": "-1",
                "rule_no": 101,
                "to_port": 0
              },
              {
                "action": "allow",
                "cidr_block": "0.0.0.0/0",
                "from_port": 0,
                "icmp_code": 0,
                "icmp_type": 0,
                "ipv6_cidr_block": "",
                "protocol": "-1",
                "rule_no": 100,
                "to_port": 0
              }
            ],
            "owner_id": "137370044763",
            "subnet_ids": [
              "subnet-0164b1b7048785153",
              "subnet-0c07c8a11f2d65a3a",
              "subnet-0cd20a986f3af5550"
            ],
            "tags": {
              "Name": "banking-vpc-default",
              "enviroment": "testing",
              "terraform": "true"
            },
            "tags_all": {
              "Name": "banking-vpc-default",
              "enviroment": "testing",
              "terraform": "true"
            },
            "vpc_id": "vpc-06913febb36bf297b"
          },
          "sensitive_attributes": [],
          "private": "bnVsbA==",
          "dependencies": [
            "module.vpc.aws_vpc.this"
          ]
        }
      ]
    },
    {
      "module": "module.vpc",
      "mode": "managed",
      "type": "aws_default_route_table",
      "name": "default",
      "provider": "provider[\"registry.terraform.io/hashicorp/aws\"]",
      "instances": [
        {
          "index_key": 0,
          "schema_version": 0,
          "attributes": {
            "arn": "arn:aws:ec2:us-east-1:137370044763:route-table/rtb-020dce7ae8393af38",
            "default_route_table_id": "rtb-020dce7ae8393af38",
            "id": "rtb-020dce7ae8393af38",
            "owner_id": "137370044763",
            "propagating_vgws": [],
            "route": [],
            "tags": {
              "Name": "banking-vpc-default",
              "enviroment": "testing",
              "terraform": "true"
            },
            "tags_all": {
              "Name": "banking-vpc-default",
              "enviroment": "testing",
              "terraform": "true"
            },
            "timeouts": {
              "create": "5m",
              "update": "5m"
            },
            "vpc_id": "vpc-06913febb36bf297b"
          },
          "sensitive_attributes": [],
          "private": "eyJlMmJmYjczMC1lY2FhLTExZTYtOGY4OC0zNDM2M2JjN2M0YzAiOnsiY3JlYXRlIjozMDAwMDAwMDAwMDAsInVwZGF0ZSI6MzAwMDAwMDAwMDAwfX0=",
          "dependencies": [
            "module.vpc.aws_vpc.this"
          ]
        }
      ]
    },
    {
      "module": "module.vpc",
      "mode": "managed",
      "type": "aws_default_security_group",
      "name": "this",
      "provider": "provider[\"registry.terraform.io/hashicorp/aws\"]",
      "instances": [
        {
          "index_key": 0,
          "schema_version": 1,
          "attributes": {
            "arn": "arn:aws:ec2:us-east-1:137370044763:security-group/sg-012ede79c74878fc9",
            "description": "default VPC security group",
            "egress": [],
            "id": "sg-012ede79c74878fc9",
            "ingress": [],
            "name": "default",
            "name_prefix": "",
            "owner_id": "137370044763",
            "revoke_rules_on_delete": false,
            "tags": {
              "Name": "banking-vpc-default",
              "enviroment": "testing",
              "terraform": "true"
            },
            "tags_all": {
              "Name": "banking-vpc-default",
              "enviroment": "testing",
              "terraform": "true"
            },
            "vpc_id": "vpc-06913febb36bf297b"
          },
          "sensitive_attributes": [],
          "private": "eyJzY2hlbWFfdmVyc2lvbiI6IjEifQ==",
          "dependencies": [
            "module.vpc.aws_vpc.this"
          ]
        }
      ]
    },
    {
      "module": "module.vpc",
      "mode": "managed",
      "type": "aws_internet_gateway",
      "name": "this",
      "provider": "provider[\"registry.terraform.io/hashicorp/aws\"]",
      "instances": [
        {
          "index_key": 0,
          "schema_version": 0,
          "attributes": {
            "arn": "arn:aws:ec2:us-east-1:137370044763:internet-gateway/igw-0f9ac86bf715ce90a",
            "id": "igw-0f9ac86bf715ce90a",
            "owner_id": "137370044763",
            "tags": {
              "Name": "banking-vpc",
              "enviroment": "testing",
              "terraform": "true"
            },
            "tags_all": {
              "Name": "banking-vpc",
              "enviroment": "testing",
              "terraform": "true"
            },
            "timeouts": null,
            "vpc_id": "vpc-06913febb36bf297b"
          },
          "sensitive_attributes": [],
          "private": "eyJlMmJmYjczMC1lY2FhLTExZTYtOGY4OC0zNDM2M2JjN2M0YzAiOnsiY3JlYXRlIjoxMjAwMDAwMDAwMDAwLCJkZWxldGUiOjEyMDAwMDAwMDAwMDAsInVwZGF0ZSI6MTIwMDAwMDAwMDAwMH19",
          "dependencies": [
            "module.vpc.aws_vpc.this",
            "module.vpc.aws_vpc_ipv4_cidr_block_association.this"
          ]
        }
      ]
    },
    {
      "module": "module.vpc",
      "mode": "managed",
      "type": "aws_route",
      "name": "public_internet_gateway",
      "provider": "provider[\"registry.terraform.io/hashicorp/aws\"]",
      "instances": [
        {
          "index_key": 0,
          "schema_version": 0,
          "attributes": {
            "carrier_gateway_id": "",
            "core_network_arn": "",
            "destination_cidr_block": "0.0.0.0/0",
            "destination_ipv6_cidr_block": "",
            "destination_prefix_list_id": "",
            "egress_only_gateway_id": "",
            "gateway_id": "igw-0f9ac86bf715ce90a",
            "id": "r-rtb-003bb4428d7b6d7fc1080289494",
            "instance_id": "",
            "instance_owner_id": "",
            "local_gateway_id": "",
            "nat_gateway_id": "",
            "network_interface_id": "",
            "origin": "CreateRoute",
            "route_table_id": "rtb-003bb4428d7b6d7fc",
            "state": "active",
            "timeouts": {
              "create": "5m",
              "delete": null,
              "update": null
            },
            "transit_gateway_id": "",
            "vpc_endpoint_id": "",
            "vpc_peering_connection_id": ""
          },
          "sensitive_attributes": [],
          "private": "eyJlMmJmYjczMC1lY2FhLTExZTYtOGY4OC0zNDM2M2JjN2M0YzAiOnsiY3JlYXRlIjozMDAwMDAwMDAwMDAsImRlbGV0ZSI6MzAwMDAwMDAwMDAwLCJ1cGRhdGUiOjEyMDAwMDAwMDAwMH19",
          "dependencies": [
            "module.vpc.aws_internet_gateway.this",
            "module.vpc.aws_route_table.public",
            "module.vpc.aws_vpc.this",
            "module.vpc.aws_vpc_ipv4_cidr_block_association.this"
          ]
        }
      ]
    },
    {
      "module": "module.vpc",
      "mode": "managed",
      "type": "aws_route_table",
      "name": "public",
      "provider": "provider[\"registry.terraform.io/hashicorp/aws\"]",
      "instances": [
        {
          "index_key": 0,
          "schema_version": 0,
          "attributes": {
            "arn": "arn:aws:ec2:us-east-1:137370044763:route-table/rtb-003bb4428d7b6d7fc",
            "id": "rtb-003bb4428d7b6d7fc",
            "owner_id": "137370044763",
            "propagating_vgws": [],
            "route": [
              {
                "carrier_gateway_id": "",
                "cidr_block": "0.0.0.0/0",
                "core_network_arn": "",
                "destination_prefix_list_id": "",
                "egress_only_gateway_id": "",
                "gateway_id": "igw-0f9ac86bf715ce90a",
                "ipv6_cidr_block": "",
                "local_gateway_id": "",
                "nat_gateway_id": "",
                "network_interface_id": "",
                "transit_gateway_id": "",
                "vpc_endpoint_id": "",
                "vpc_peering_connection_id": ""
              }
            ],
            "tags": {
              "Name": "banking-vpc-public",
              "enviroment": "testing",
              "terraform": "true"
            },
            "tags_all": {
              "Name": "banking-vpc-public",
              "enviroment": "testing",
              "terraform": "true"
            },
            "timeouts": null,
            "vpc_id": "vpc-06913febb36bf297b"
          },
          "sensitive_attributes": [],
          "private": "eyJlMmJmYjczMC1lY2FhLTExZTYtOGY4OC0zNDM2M2JjN2M0YzAiOnsiY3JlYXRlIjozMDAwMDAwMDAwMDAsImRlbGV0ZSI6MzAwMDAwMDAwMDAwLCJ1cGRhdGUiOjEyMDAwMDAwMDAwMH19",
          "dependencies": [
            "module.vpc.aws_vpc.this",
            "module.vpc.aws_vpc_ipv4_cidr_block_association.this"
          ]
        }
      ]
    },
    {
      "module": "module.vpc",
      "mode": "managed",
      "type": "aws_route_table_association",
      "name": "public",
      "provider": "provider[\"registry.terraform.io/hashicorp/aws\"]",
      "instances": [
        {
          "index_key": 0,
          "schema_version": 0,
          "attributes": {
            "gateway_id": "",
            "id": "rtbassoc-06a5cc3d75e5edb33",
            "route_table_id": "rtb-003bb4428d7b6d7fc",
            "subnet_id": "subnet-0cd20a986f3af5550",
            "timeouts": null
          },
          "sensitive_attributes": [],
          "private": "eyJlMmJmYjczMC1lY2FhLTExZTYtOGY4OC0zNDM2M2JjN2M0YzAiOnsiY3JlYXRlIjozMDAwMDAwMDAwMDAsImRlbGV0ZSI6MzAwMDAwMDAwMDAwLCJ1cGRhdGUiOjEyMDAwMDAwMDAwMH19",
          "dependencies": [
            "module.vpc.aws_route_table.public",
            "module.vpc.aws_subnet.public",
            "module.vpc.aws_vpc.this",
            "module.vpc.aws_vpc_ipv4_cidr_block_association.this"
          ]
        },
        {
          "index_key": 1,
          "schema_version": 0,
          "attributes": {
            "gateway_id": "",
            "id": "rtbassoc-062d99f7500eeddd1",
            "route_table_id": "rtb-003bb4428d7b6d7fc",
            "subnet_id": "subnet-0c07c8a11f2d65a3a",
            "timeouts": null
          },
          "sensitive_attributes": [],
          "private": "eyJlMmJmYjczMC1lY2FhLTExZTYtOGY4OC0zNDM2M2JjN2M0YzAiOnsiY3JlYXRlIjozMDAwMDAwMDAwMDAsImRlbGV0ZSI6MzAwMDAwMDAwMDAwLCJ1cGRhdGUiOjEyMDAwMDAwMDAwMH19",
          "dependencies": [
            "module.vpc.aws_route_table.public",
            "module.vpc.aws_subnet.public",
            "module.vpc.aws_vpc.this",
            "module.vpc.aws_vpc_ipv4_cidr_block_association.this"
          ]
        },
        {
          "index_key": 2,
          "schema_version": 0,
          "attributes": {
            "gateway_id": "",
            "id": "rtbassoc-0ebf01c724acc2b5e",
            "route_table_id": "rtb-003bb4428d7b6d7fc",
            "subnet_id": "subnet-0164b1b7048785153",
            "timeouts": null
          },
          "sensitive_attributes": [],
          "private": "eyJlMmJmYjczMC1lY2FhLTExZTYtOGY4OC0zNDM2M2JjN2M0YzAiOnsiY3JlYXRlIjozMDAwMDAwMDAwMDAsImRlbGV0ZSI6MzAwMDAwMDAwMDAwLCJ1cGRhdGUiOjEyMDAwMDAwMDAwMH19",
          "dependencies": [
            "module.vpc.aws_route_table.public",
            "module.vpc.aws_subnet.public",
            "module.vpc.aws_vpc.this",
            "module.vpc.aws_vpc_ipv4_cidr_block_association.this"
          ]
        }
      ]
    },
    {
      "module": "module.vpc",
      "mode": "managed",
      "type": "aws_subnet",
      "name": "public",
      "provider": "provider[\"registry.terraform.io/hashicorp/aws\"]",
      "instances": [
        {
          "index_key": 0,
          "schema_version": 1,
          "attributes": {
            "arn": "arn:aws:ec2:us-east-1:137370044763:subnet/subnet-0cd20a986f3af5550",
            "assign_ipv6_address_on_creation": false,
            "availability_zone": "us-east-1a",
            "availability_zone_id": "use1-az4",
            "cidr_block": "172.21.1.0/24",
            "customer_owned_ipv4_pool": "",
            "enable_dns64": false,
            "enable_lni_at_device_index": 0,
            "enable_resource_name_dns_a_record_on_launch": false,
            "enable_resource_name_dns_aaaa_record_on_launch": false,
            "id": "subnet-0cd20a986f3af5550",
            "ipv6_cidr_block": "",
            "ipv6_cidr_block_association_id": "",
            "ipv6_native": false,
            "map_customer_owned_ip_on_launch": false,
            "map_public_ip_on_launch": false,
            "outpost_arn": "",
            "owner_id": "137370044763",
            "private_dns_hostname_type_on_launch": "ip-name",
            "tags": {
              "Name": "banking-vpc-public-us-east-1a",
              "enviroment": "testing",
              "terraform": "true"
            },
            "tags_all": {
              "Name": "banking-vpc-public-us-east-1a",
              "enviroment": "testing",
              "terraform": "true"
            },
            "timeouts": null,
            "vpc_id": "vpc-06913febb36bf297b"
          },
          "sensitive_attributes": [],
          "private": "eyJlMmJmYjczMC1lY2FhLTExZTYtOGY4OC0zNDM2M2JjN2M0YzAiOnsiY3JlYXRlIjo2MDAwMDAwMDAwMDAsImRlbGV0ZSI6MTIwMDAwMDAwMDAwMH0sInNjaGVtYV92ZXJzaW9uIjoiMSJ9",
          "dependencies": [
            "module.vpc.aws_vpc.this",
            "module.vpc.aws_vpc_ipv4_cidr_block_association.this"
          ]
        },
        {
          "index_key": 1,
          "schema_version": 1,
          "attributes": {
            "arn": "arn:aws:ec2:us-east-1:137370044763:subnet/subnet-0c07c8a11f2d65a3a",
            "assign_ipv6_address_on_creation": false,
            "availability_zone": "us-east-1b",
            "availability_zone_id": "use1-az6",
            "cidr_block": "172.21.2.0/24",
            "customer_owned_ipv4_pool": "",
            "enable_dns64": false,
            "enable_lni_at_device_index": 0,
            "enable_resource_name_dns_a_record_on_launch": false,
            "enable_resource_name_dns_aaaa_record_on_launch": false,
            "id": "subnet-0c07c8a11f2d65a3a",
            "ipv6_cidr_block": "",
            "ipv6_cidr_block_association_id": "",
            "ipv6_native": false,
            "map_customer_owned_ip_on_launch": false,
            "map_public_ip_on_launch": false,
            "outpost_arn": "",
            "owner_id": "137370044763",
            "private_dns_hostname_type_on_launch": "ip-name",
            "tags": {
              "Name": "banking-vpc-public-us-east-1b",
              "enviroment": "testing",
              "terraform": "true"
            },
            "tags_all": {
              "Name": "banking-vpc-public-us-east-1b",
              "enviroment": "testing",
              "terraform": "true"
            },
            "timeouts": null,
            "vpc_id": "vpc-06913febb36bf297b"
          },
          "sensitive_attributes": [],
          "private": "eyJlMmJmYjczMC1lY2FhLTExZTYtOGY4OC0zNDM2M2JjN2M0YzAiOnsiY3JlYXRlIjo2MDAwMDAwMDAwMDAsImRlbGV0ZSI6MTIwMDAwMDAwMDAwMH0sInNjaGVtYV92ZXJzaW9uIjoiMSJ9",
          "dependencies": [
            "module.vpc.aws_vpc.this",
            "module.vpc.aws_vpc_ipv4_cidr_block_association.this"
          ]
        },
        {
          "index_key": 2,
          "schema_version": 1,
          "attributes": {
            "arn": "arn:aws:ec2:us-east-1:137370044763:subnet/subnet-0164b1b7048785153",
            "assign_ipv6_address_on_creation": false,
            "availability_zone": "us-east-1c",
            "availability_zone_id": "use1-az1",
            "cidr_block": "172.21.3.0/24",
            "customer_owned_ipv4_pool": "",
            "enable_dns64": false,
            "enable_lni_at_device_index": 0,
            "enable_resource_name_dns_a_record_on_launch": false,
            "enable_resource_name_dns_aaaa_record_on_launch": false,
            "id": "subnet-0164b1b7048785153",
            "ipv6_cidr_block": "",
            "ipv6_cidr_block_association_id": "",
            "ipv6_native": false,
            "map_customer_owned_ip_on_launch": false,
            "map_public_ip_on_launch": false,
            "outpost_arn": "",
            "owner_id": "137370044763",
            "private_dns_hostname_type_on_launch": "ip-name",
            "tags": {
              "Name": "banking-vpc-public-us-east-1c",
              "enviroment": "testing",
              "terraform": "true"
            },
            "tags_all": {
              "Name": "banking-vpc-public-us-east-1c",
              "enviroment": "testing",
              "terraform": "true"
            },
            "timeouts": null,
            "vpc_id": "vpc-06913febb36bf297b"
          },
          "sensitive_attributes": [],
          "private": "eyJlMmJmYjczMC1lY2FhLTExZTYtOGY4OC0zNDM2M2JjN2M0YzAiOnsiY3JlYXRlIjo2MDAwMDAwMDAwMDAsImRlbGV0ZSI6MTIwMDAwMDAwMDAwMH0sInNjaGVtYV92ZXJzaW9uIjoiMSJ9",
          "dependencies": [
            "module.vpc.aws_vpc.this",
            "module.vpc.aws_vpc_ipv4_cidr_block_association.this"
          ]
        }
      ]
    },
    {
      "module": "module.vpc",
      "mode": "managed",
      "type": "aws_vpc",
      "name": "this",
      "provider": "provider[\"registry.terraform.io/hashicorp/aws\"]",
      "instances": [
        {
          "index_key": 0,
          "schema_version": 1,
          "attributes": {
            "arn": "arn:aws:ec2:us-east-1:137370044763:vpc/vpc-06913febb36bf297b",
            "assign_generated_ipv6_cidr_block": false,
            "cidr_block": "172.21.0.0/16",
            "default_network_acl_id": "acl-014696c7ab0e76253",
            "default_route_table_id": "rtb-020dce7ae8393af38",
            "default_security_group_id": "sg-012ede79c74878fc9",
            "dhcp_options_id": "dopt-03c9a2e95025c980c",
            "enable_dns_hostnames": true,
            "enable_dns_support": true,
            "enable_network_address_usage_metrics": false,
            "id": "vpc-06913febb36bf297b",
            "instance_tenancy": "default",
            "ipv4_ipam_pool_id": null,
            "ipv4_netmask_length": null,
            "ipv6_association_id": "",
            "ipv6_cidr_block": "",
            "ipv6_cidr_block_network_border_group": "",
            "ipv6_ipam_pool_id": "",
            "ipv6_netmask_length": 0,
            "main_route_table_id": "rtb-020dce7ae8393af38",
            "owner_id": "137370044763",
            "tags": {
              "Name": "banking-vpc",
              "enviroment": "testing",
              "terraform": "true"
            },
            "tags_all": {
              "Name": "banking-vpc",
              "enviroment": "testing",
              "terraform": "true"
            }
          },
          "sensitive_attributes": [],
          "private": "eyJzY2hlbWFfdmVyc2lvbiI6IjEifQ=="
        }
      ]
    }
  ],
  "check_results": null
}
