{
  "version": 4,
  "terraform_version": "1.3.6",
  "serial": 6,
  "lineage": "e756eb1c-e0b1-0cbe-d9f4-e9b6d685fcb2",
  "outputs": {
    "privateIP": {
      "value": "172.31.20.34",
      "type": "string"
    },
    "publicIP": {
      "value": "54.146.156.183",
      "type": "string"
    }
  },
  "resources": [
    {
      "mode": "managed",
      "type": "aws_instance",
      "name": "tweenInstance",
      "provider": "provider[\"registry.terraform.io/hashicorp/aws\"]",
      "instances": [
        {
          "schema_version": 1,
          "attributes": {
            "ami": "ami-0f844a9675b22ea32",
            "arn": "arn:aws:ec2:us-east-1:137370044763:instance/i-00c3949ff16a7372f",
            "associate_public_ip_address": true,
            "availability_zone": "us-east-1a",
            "capacity_reservation_specification": [
              {
                "capacity_reservation_preference": "open",
                "capacity_reservation_target": []
              }
            ],
            "cpu_core_count": 1,
            "cpu_threads_per_core": 1,
            "credit_specification": [
              {
                "cpu_credits": "standard"
              }
            ],
            "disable_api_stop": false,
            "disable_api_termination": false,
            "ebs_block_device": [],
            "ebs_optimized": false,
            "enclave_options": [
              {
                "enabled": false
              }
            ],
            "ephemeral_block_device": [],
            "get_password_data": false,
            "hibernation": false,
            "host_id": null,
            "host_resource_group_arn": null,
            "iam_instance_profile": "",
            "id": "i-00c3949ff16a7372f",
            "instance_initiated_shutdown_behavior": "stop",
            "instance_state": "running",
            "instance_type": "t2.micro",
            "ipv6_address_count": 0,
            "ipv6_addresses": [],
            "key_name": "web02key",
            "launch_template": [],
            "maintenance_options": [
              {
                "auto_recovery": "default"
              }
            ],
            "metadata_options": [
              {
                "http_endpoint": "enabled",
                "http_put_response_hop_limit": 1,
                "http_tokens": "optional",
                "instance_metadata_tags": "disabled"
              }
            ],
            "monitoring": false,
            "network_interface": [],
            "outpost_arn": "",
            "password_data": "",
            "placement_group": "",
            "placement_partition_number": null,
            "primary_network_interface_id": "eni-0923c7bba31044a25",
            "private_dns": "ip-172-31-20-34.ec2.internal",
            "private_dns_name_options": [
              {
                "enable_resource_name_dns_a_record": false,
                "enable_resource_name_dns_aaaa_record": false,
                "hostname_type": "ip-name"
              }
            ],
            "private_ip": "172.31.20.34",
            "public_dns": "ec2-54-146-156-183.compute-1.amazonaws.com",
            "public_ip": "54.146.156.183",
            "root_block_device": [
              {
                "delete_on_termination": true,
                "device_name": "/dev/xvda",
                "encrypted": false,
                "iops": 100,
                "kms_key_id": "",
                "tags": {},
                "throughput": 0,
                "volume_id": "vol-0a1422b31b317bf8b",
                "volume_size": 8,
                "volume_type": "gp2"
              }
            ],
            "secondary_private_ips": [],
            "security_groups": [
              "GENERAL-SG"
            ],
            "source_dest_check": true,
            "subnet_id": "subnet-0d245493c5a47cd94",
            "tags": {
              "Name": "TweenIns"
            },
            "tags_all": {
              "Name": "TweenIns"
            },
            "tenancy": "default",
            "timeouts": null,
            "user_data": null,
            "user_data_base64": null,
            "user_data_replace_on_change": false,
            "volume_tags": null,
            "vpc_security_group_ids": [
              "sg-07bcc50a3f262a041"
            ]
          },
          "sensitive_attributes": [],
          "private": "eyJlMmJmYjczMC1lY2FhLTExZTYtOGY4OC0zNDM2M2JjN2M0YzAiOnsiY3JlYXRlIjo2MDAwMDAwMDAwMDAsImRlbGV0ZSI6MTIwMDAwMDAwMDAwMCwidXBkYXRlIjo2MDAwMDAwMDAwMDB9LCJzY2hlbWFfdmVyc2lvbiI6IjEifQ==",
          "dependencies": [
            "aws_key_pair.webKey"
          ]
        }
      ]
    },
    {
      "mode": "managed",
      "type": "aws_key_pair",
      "name": "webKey",
      "provider": "provider[\"registry.terraform.io/hashicorp/aws\"]",
      "instances": [
        {
          "schema_version": 1,
          "attributes": {
            "arn": "arn:aws:ec2:us-east-1:137370044763:key-pair/web02key",
            "fingerprint": "f3:23:fe:5c:0b:61:03:5c:d9:a5:0a:0e:c5:ba:d0:65",
            "id": "web02key",
            "key_name": "web02key",
            "key_name_prefix": "",
            "key_pair_id": "key-0b0c5bdeb69a0a0b3",
            "key_type": "rsa",
            "public_key": "ssh-rsa AAAAB3NzaC1yc2EAAAADAQABAAABgQDHD4PSwoLe2n3NEHgHVAbDVZ5xyGn35HJz0hWfJbu9fKCYqoYocqTgtpsULfNIai9Rb+Y1UdiOqdFaLy6bIFe9Jz6KfR6/c9NZoyUmfwckvjpOVCdUgqpHwKBB5CwoOKf4TSJ8DZa7dDNawTOc0cpcdUwehqZjNxnHRSw28rrx2pMa43FPXSQvFtAUu/TK//X6dGUtzpFfeMaY+XwkFsZNeL+EUT0mZnjydLlgYyCsmmcqAV72wpYKrQNPh8r/Nh8c7U+mvC9LZvRvYNaM/zKQGFwZVA5Hs4tqz+ZfVQN5wFLnGUtKBJbGQKllcCdQPlh8T61pKfPQgdBpjbTwW+pKm0kd6jme6M271qdB2hVL7ln0vSkfKxQb5+Hor88HV/oOKk7EJGmxTuZMWe2TtYcs+st4ESwtk5LfoqPtchDaIgNMq6hXb39HFJzxYsfFI2DCRDCHJqcQSOvnk7OF8b3z1rG1JrLqGLFAc66t2tbTo3B7qEKtOe2MIOj3I+HRTQE= Horpeyemi@Horpeyemi",
            "tags": null,
            "tags_all": {}
          },
          "sensitive_attributes": [],
          "private": "eyJzY2hlbWFfdmVyc2lvbiI6IjEifQ=="
        }
      ]
    }
  ],
  "check_results": null
}
